
Microsoft Visual Studio Solution File, Format Version 12.00
# Visual Studio 2012
Project("{FAE04EC0-301F-11D3-BF4B-00C04F79EFBC}") = "AdvisingAssistant", "AdvisingAssistant\AdvisingAssistant.csproj", "{BF85F936-B6B4-4937-9D03-D3747BA0ADD9}"
EndProject
Global
	GlobalSection(SolutionConfigurationPlatforms) = preSolution
		Debug|x86 = Debug|x86
		Release|x86 = Release|x86
	EndGlobalSection
	GlobalSection(ProjectConfigurationPlatforms) = postSolution
		{BF85F936-B6B4-4937-9D03-D3747BA0ADD9}.Debug|x86.ActiveCfg = Debug|x86
		{BF85F936-B6B4-4937-9D03-D3747BA0ADD9}.Debug|x86.Build.0 = Debug|x86
		{BF85F936-B6B4-4937-9D03-D3747BA0ADD9}.Release|x86.ActiveCfg = Release|x86
		{BF85F936-B6B4-4937-9D03-D3747BA0ADD9}.Release|x86.Build.0 = Release|x86
	EndGlobalSection
EndGlobal
